
Microsoft Visual Studio Solution File, Format Version 12.00
# Visual Studio Version 17
VisualStudioVersion = 17.4.33103.184
MinimumVisualStudioVersion = 10.0.40219.1
Project("{FAE04EC0-301F-11D3-BF4B-00C04F79EFBC}") = "MathFigure", "MathFigure\MathFigure.csproj", "{BE41FCA1-5319-46D7-8FF5-A0B071F081FF}"
EndProject
Project("{FAE04EC0-301F-11D3-BF4B-00C04F79EFBC}") = "MathFigure.Tests", "MathFigure.Tests\MathFigure.Tests.csproj", "{8C848B5A-5D8A-49D7-831B-012B4C9BA716}"
EndProject
Global
	GlobalSection(SolutionConfigurationPlatforms) = preSolution
		Debug|Any CPU = Debug|Any CPU
		Release|Any CPU = Release|Any CPU
	EndGlobalSection
	GlobalSection(ProjectConfigurationPlatforms) = postSolution
		{BE41FCA1-5319-46D7-8FF5-A0B071F081FF}.Debug|Any CPU.ActiveCfg = Debug|Any CPU
		{BE41FCA1-5319-46D7-8FF5-A0B071F081FF}.Debug|Any CPU.Build.0 = Debug|Any CPU
		{BE41FCA1-5319-46D7-8FF5-A0B071F081FF}.Release|Any CPU.ActiveCfg = Release|Any CPU
		{BE41FCA1-5319-46D7-8FF5-A0B071F081FF}.Release|Any CPU.Build.0 = Release|Any CPU
		{8C848B5A-5D8A-49D7-831B-012B4C9BA716}.Debug|Any CPU.ActiveCfg = Debug|Any CPU
		{8C848B5A-5D8A-49D7-831B-012B4C9BA716}.Debug|Any CPU.Build.0 = Debug|Any CPU
		{8C848B5A-5D8A-49D7-831B-012B4C9BA716}.Release|Any CPU.ActiveCfg = Release|Any CPU
		{8C848B5A-5D8A-49D7-831B-012B4C9BA716}.Release|Any CPU.Build.0 = Release|Any CPU
	EndGlobalSection
	GlobalSection(SolutionProperties) = preSolution
		HideSolutionNode = FALSE
	EndGlobalSection
	GlobalSection(ExtensibilityGlobals) = postSolution
		SolutionGuid = {38D462D1-3AA2-4454-815B-C18D8B5C1233}
	EndGlobalSection
EndGlobal
